// !$*UTF8*$!
{
	archiveVersion = 1;
	classes = {
	};
	objectVersion = 50;
	objects = {

/* Begin PBXBuildFile section */
		3851EE01257CDB750070625C /* AppDelegate.swift in Sources */ = {isa = PBXBuildFile; fileRef = 3851EE00257CDB750070625C /* AppDelegate.swift */; };
		3851EE03257CDB750070625C /* SceneDelegate.swift in Sources */ = {isa = PBXBuildFile; fileRef = 3851EE02257CDB750070625C /* SceneDelegate.swift */; };
		3851EE05257CDB750070625C /* ViewController.swift in Sources */ = {isa = PBXBuildFile; fileRef = 3851EE04257CDB750070625C /* ViewController.swift */; };
		3851EE08257CDB750070625C /* Main.storyboard in Resources */ = {isa = PBXBuildFile; fileRef = 3851EE06257CDB750070625C /* Main.storyboard */; };
		3851EE0A257CDB760070625C /* Assets.xcassets in Resources */ = {isa = PBXBuildFile; fileRef = 3851EE09257CDB760070625C /* Assets.xcassets */; };
		3851EE0D257CDB760070625C /* LaunchScreen.storyboard in Resources */ = {isa = PBXBuildFile; fileRef = 3851EE0B257CDB760070625C /* LaunchScreen.storyboard */; };
		3851EE1B257CDF710070625C /* B.m4a in Resources */ = {isa = PBXBuildFile; fileRef = 3851EE17257CDF710070625C /* B.m4a */; };
		3851EE1C257CDF710070625C /* D.m4a in Resources */ = {isa = PBXBuildFile; fileRef = 3851EE18257CDF710070625C /* D.m4a */; };
		3851EE1D257CDF710070625C /* C.m4a in Resources */ = {isa = PBXBuildFile; fileRef = 3851EE19257CDF710070625C /* C.m4a */; };
		3851EE21257CE4F40070625C /* a.m4a in Resources */ = {isa = PBXBuildFile; fileRef = 3851EE20257CE4F40070625C /* a.m4a */; };
/* End PBXBuildFile section */

/* Begin PBXFileReference section */
		3851EDFD257CDB750070625C /* SoundboardApp.app */ = {isa = PBXFileReference; explicitFileType = wrapper.application; includeInIndex = 0; path = SoundboardApp.app; sourceTree = BUILT_PRODUCTS_DIR; };
		3851EE00257CDB750070625C /* AppDelegate.swift */ = {isa = PBXFileReference; lastKnownFileType = sourcecode.swift; path = AppDelegate.swift; sourceTree = "<group>"; };
		3851EE02257CDB750070625C /* SceneDelegate.swift */ = {isa = PBXFileReference; lastKnownFileType = sourcecode.swift; path = SceneDelegate.swift; sourceTree = "<group>"; };
		3851EE04257CDB750070625C /* ViewController.swift */ = {isa = PBXFileReference; lastKnownFileType = sourcecode.swift; path = ViewController.swift; sourceTree = "<group>"; };
		3851EE07257CDB750070625C /* Base */ = {isa = PBXFileReference; lastKnownFileType = file.storyboard; name = Base; path = Base.lproj/Main.storyboard; sourceTree = "<group>"; };
		3851EE09257CDB760070625C /* Assets.xcassets */ = {isa = PBXFileReference; lastKnownFileType = folder.assetcatalog; path = Assets.xcassets; sourceTree = "<group>"; };
		3851EE0C257CDB760070625C /* Base */ = {isa = PBXFileReference; lastKnownFileType = file.storyboard; name = Base; path = Base.lproj/LaunchScreen.storyboard; sourceTree = "<group>"; };
		3851EE0E257CDB760070625C /* Info.plist */ = {isa = PBXFileReference; lastKnownFileType = text.plist.xml; path = Info.plist; sourceTree = "<group>"; };
		3851EE17257CDF710070625C /* B.m4a */ = {isa = PBXFileReference; lastKnownFileType = file; path = B.m4a; sourceTree = "<group>"; };
		3851EE18257CDF710070625C /* D.m4a */ = {isa = PBXFileReference; lastKnownFileType = file; path = D.m4a; sourceTree = "<group>"; };
		3851EE19257CDF710070625C /* C.m4a */ = {isa = PBXFileReference; lastKnownFileType = file; path = C.m4a; sourceTree = "<group>"; };
		3851EE20257CE4F40070625C /* a.m4a */ = {isa = PBXFileReference; lastKnownFileType = file; path = a.m4a; sourceTree = "<group>"; };
/* End PBXFileReference section */

/* Begin PBXFrameworksBuildPhase section */
		3851EDFA257CDB750070625C /* Frameworks */ = {
			isa = PBXFrameworksBuildPhase;
			buildActionMask = 2147483647;
			files = (
			);
			runOnlyForDeploymentPostprocessing = 0;
		};
/* End PBXFrameworksBuildPhase section */

/* Begin PBXGroup section */
		3851EDF4257CDB750070625C = {
			isa = PBXGroup;
			children = (
				3851EDFF257CDB750070625C /* SoundboardApp */,
				3851EDFE257CDB750070625C /* Products */,
			);
			sourceTree = "<group>";
		};
		3851EDFE257CDB750070625C /* Products */ = {
			isa = PBXGroup;
			children = (
				3851EDFD257CDB750070625C /* SoundboardApp.app */,
			);
			name = Products;
			sourceTree = "<group>";
		};
		3851EDFF257CDB750070625C /* SoundboardApp */ = {
			isa = PBXGroup;
			children = (
				3851EE15257CDF2F0070625C /* Sounds */,
				3851EE00257CDB750070625C /* AppDelegate.swift */,
				3851EE02257CDB750070625C /* SceneDelegate.swift */,
				3851EE04257CDB750070625C /* ViewController.swift */,
				3851EE06257CDB750070625C /* Main.storyboard */,
				3851EE09257CDB760070625C /* Assets.xcassets */,
				3851EE0B257CDB760070625C /* LaunchScreen.storyboard */,
				3851EE0E257CDB760070625C /* Info.plist */,
			);
			path = SoundboardApp;
			sourceTree = "<group>";
		};
		3851EE15257CDF2F0070625C /* Sounds */ = {
			isa = PBXGroup;
			children = (
				3851EE17257CDF710070625C /* B.m4a */,
				3851EE20257CE4F40070625C /* a.m4a */,
				3851EE19257CDF710070625C /* C.m4a */,
				3851EE18257CDF710070625C /* D.m4a */,
			);
			path = Sounds;
			sourceTree = "<group>";
		};
/* End PBXGroup section */

/* Begin PBXNativeTarget section */
		3851EDFC257CDB750070625C /* SoundboardApp */ = {
			isa = PBXNativeTarget;
			buildConfigurationList = 3851EE11257CDB760070625C /* Build configuration list for PBXNativeTarget "SoundboardApp" */;
			buildPhases = (
				3851EDF9257CDB750070625C /* Sources */,
				3851EDFA257CDB750070625C /* Frameworks */,
				3851EDFB257CDB750070625C /* Resources */,
			);
			buildRules = (
			);
			dependencies = (
			);
			name = SoundboardApp;
			productName = SoundboardApp;
			productReference = 3851EDFD257CDB750070625C /* SoundboardApp.app */;
			productType = "com.apple.product-type.application";
		};
/* End PBXNativeTarget section */

/* Begin PBXProject section */
		3851EDF5257CDB750070625C /* Project object */ = {
			isa = PBXProject;
			attributes = {
				LastSwiftUpdateCheck = 1200;
				LastUpgradeCheck = 1200;
				TargetAttributes = {
					3851EDFC257CDB750070625C = {
						CreatedOnToolsVersion = 12.0.1;
					};
				};
			};
			buildConfigurationList = 3851EDF8257CDB750070625C /* Build configuration list for PBXProject "SoundboardApp" */;
			compatibilityVersion = "Xcode 9.3";
			developmentRegion = en;
			hasScannedForEncodings = 0;
			knownRegions = (
				en,
				Base,
			);
			mainGroup = 3851EDF4257CDB750070625C;
			productRefGroup = 3851EDFE257CDB750070625C /* Products */;
			projectDirPath = "";
			projectRoot = "";
			targets = (
				3851EDFC257CDB750070625C /* SoundboardApp */,
			);
		};
/* End PBXProject section */

/* Begin PBXResourcesBuildPhase section */
		3851EDFB257CDB750070625C /* Resources */ = {
			isa = PBXResourcesBuildPhase;
			buildActionMask = 2147483647;
			files = (
				3851EE0D257CDB760070625C /* LaunchScreen.storyboard in Resources */,
				3851EE0A257CDB760070625C /* Assets.xcassets in Resources */,
				3851EE1C257CDF710070625C /* D.m4a in Resources */,
				3851EE21257CE4F40070625C /* a.m4a in Resources */,
				3851EE1D257CDF710070625C /* C.m4a in Resources */,
				3851EE1B257CDF710070625C /* B.m4a in Resources */,
				3851EE08257CDB750070625C /* Main.storyboard in Resources */,
			);
			runOnlyForDeploymentPostprocessing = 0;
		};
/* End PBXResourcesBuildPhase section */

/* Begin PBXSourcesBuildPhase section */
		3851EDF9257CDB750070625C /* Sources */ = {
			isa = PBXSourcesBuildPhase;
			buildActionMask = 2147483647;
			files = (
				3851EE05257CDB750070625C /* ViewController.swift in Sources */,
				3851EE01257CDB750070625C /* AppDelegate.swift in Sources */,
				3851EE03257CDB750070625C /* SceneDelegate.swift in Sources */,
			);
			runOnlyForDeploymentPostprocessing = 0;
		};
/* End PBXSourcesBuildPhase section */

/* Begin PBXVariantGroup section */
		3851EE06257CDB750070625C /* Main.storyboard */ = {
			isa = PBXVariantGroup;
			children = (
				3851EE07257CDB750070625C /* Base */,
			);
			name = Main.storyboard;
			sourceTree = "<group>";
		};
		3851EE0B257CDB760070625C /* LaunchScreen.storyboard */ = {
			isa = PBXVariantGroup;
			children = (
				3851EE0C257CDB760070625C /* Base */,
			);
			name = LaunchScreen.storyboard;
			sourceTree = "<group>";
		};
/* End PBXVariantGroup section */

/* Begin XCBuildConfiguration section */
		3851EE0F257CDB760070625C /* Debug */ = {
			isa = XCBuildConfiguration;
			buildSettings = {
				ALWAYS_SEARCH_USER_PATHS = NO;
				CLANG_ANALYZER_NONNULL = YES;
				CLANG_ANALYZER_NUMBER_OBJECT_CONVERSION = YES_AGGRESSIVE;
				CLANG_CXX_LANGUAGE_STANDARD = "gnu++14";
				CLANG_CXX_LIBRARY = "libc++";
				CLANG_ENABLE_MODULES = YES;
				CLANG_ENABLE_OBJC_ARC = YES;
				CLANG_ENABLE_OBJC_WEAK = YES;
				CLANG_WARN_BLOCK_CAPTURE_AUTORELEASING = YES;
				CLANG_WARN_BOOL_CONVERSION = YES;
				CLANG_WARN_COMMA = YES;
				CLANG_WARN_CONSTANT_CONVERSION = YES;
				CLANG_WARN_DEPRECATED_OBJC_IMPLEMENTATIONS = YES;
				CLANG_WARN_DIRECT_OBJC_ISA_USAGE = YES_ERROR;
				CLANG_WARN_DOCUMENTATION_COMMENTS = YES;
				CLANG_WARN_EMPTY_BODY = YES;
				CLANG_WARN_ENUM_CONVERSION = YES;
				CLANG_WARN_INFINITE_RECURSION = YES;
				CLANG_WARN_INT_CONVERSION = YES;
				CLANG_WARN_NON_LITERAL_NULL_CONVERSION = YES;
				CLANG_WARN_OBJC_IMPLICIT_RETAIN_SELF = YES;
				CLANG_WARN_OBJC_LITERAL_CONVERSION = YES;
				CLANG_WARN_OBJC_ROOT_CLASS = YES_ERROR;
				CLANG_WARN_QUOTED_INCLUDE_IN_FRAMEWORK_HEADER = YES;
				CLANG_WARN_RANGE_LOOP_ANALYSIS = YES;
				CLANG_WARN_STRICT_PROTOTYPES = YES;
				CLANG_WARN_SUSPICIOUS_MOVE = YES;
				CLANG_WARN_UNGUARDED_AVAILABILITY = YES_AGGRESSIVE;
				CLANG_WARN_UNREACHABLE_CODE = YES;
				CLANG_WARN__DUPLICATE_METHOD_MATCH = YES;
				COPY_PHASE_STRIP = NO;
				DEBUG_INFORMATION_FORMAT = dwarf;
				ENABLE_STRICT_OBJC_MSGSEND = YES;
				ENABLE_TESTABILITY = YES;
				GCC_C_LANGUAGE_STANDARD = gnu11;
				GCC_DYNAMIC_NO_PIC = NO;
				GCC_NO_COMMON_BLOCKS = YES;
				GCC_OPTIMIZATION_LEVEL = 0;
				GCC_PREPROCESSOR_DEFINITIONS = (
					"DEBUG=1",
					"$(inherited)",
				);
				GCC_WARN_64_TO_32_BIT_CONVERSION = YES;
				GCC_WARN_ABOUT_RETURN_TYPE = YES_ERROR;
				GCC_WARN_UNDECLARED_SELECTOR = YES;
				GCC_WARN_UNINITIALIZED_AUTOS = YES_AGGRESSIVE;
				GCC_WARN_UNUSED_FUNCTION = YES;
				GCC_WARN_UNUSED_VARIABLE = YES;
				IPHONEOS_DEPLOYMENT_TARGET = 14.0;
				MTL_ENABLE_DEBUG_INFO = INCLUDE_SOURCE;
				MTL_FAST_MATH = YES;
				ONLY_ACTIVE_ARCH = YES;
				SDKROOT = iphoneos;
				SWIFT_ACTIVE_COMPILATION_CONDITIONS = DEBUG;
				SWIFT_OPTIMIZATION_LEVEL = "-Onone";
			};
			name = Debug;
		};
		3851EE10257CDB760070625C /* Release */ = {
			isa = XCBuildConfiguration;
			buildSettings = {
				ALWAYS_SEARCH_USER_PATHS = NO;
				CLANG_ANALYZER_NONNULL = YES;
				CLANG_ANALYZER_NUMBER_OBJECT_CONVERSION = YES_AGGRESSIVE;
				CLANG_CXX_LANGUAGE_STANDARD = "gnu++14";
				CLANG_CXX_LIBRARY = "libc++";
				CLANG_ENABLE_MODULES = YES;
				CLANG_ENABLE_OBJC_ARC = YES;
				CLANG_ENABLE_OBJC_WEAK = YES;
				CLANG_WARN_BLOCK_CAPTURE_AUTORELEASING = YES;
				CLANG_WARN_BOOL_CONVERSION = YES;
				CLANG_WARN_COMMA = YES;
				CLANG_WARN_CONSTANT_CONVERSION = YES;
				CLANG_WARN_DEPRECATED_OBJC_IMPLEMENTATIONS = YES;
				CLANG_WARN_DIRECT_OBJC_ISA_USAGE = YES_ERROR;
				CLANG_WARN_DOCUMENTATION_COMMENTS = YES;
				CLANG_WARN_EMPTY_BODY = YES;
				CLANG_WARN_ENUM_CONVERSION = YES;
				CLANG_WARN_INFINITE_RECURSION = YES;
				CLANG_WARN_INT_CONVERSION = YES;
				CLANG_WARN_NON_LITERAL_NULL_CONVERSION = YES;
				CLANG_WARN_OBJC_IMPLICIT_RETAIN_SELF = YES;
				CLANG_WARN_OBJC_LITERAL_CONVERSION = YES;
				CLANG_WARN_OBJC_ROOT_CLASS = YES_ERROR;
				CLANG_WARN_QUOTED_INCLUDE_IN_FRAMEWORK_HEADER = YES;
				CLANG_WARN_RANGE_LOOP_ANALYSIS = YES;
				CLANG_WARN_STRICT_PROTOTYPES = YES;
				CLANG_WARN_SUSPICIOUS_MOVE = YES;
				CLANG_WARN_UNGUARDED_AVAILABILITY = YES_AGGRESSIVE;
				CLANG_WARN_UNREACHABLE_CODE = YES;
				CLANG_WARN__DUPLICATE_METHOD_MATCH = YES;
				COPY_PHASE_STRIP = NO;
				DEBUG_INFORMATION_FORMAT = "dwarf-with-dsym";
				ENABLE_NS_ASSERTIONS = NO;
				ENABLE_STRICT_OBJC_MSGSEND = YES;
				GCC_C_LANGUAGE_STANDARD = gnu11;
				GCC_NO_COMMON_BLOCKS = YES;
				GCC_WARN_64_TO_32_BIT_CONVERSION = YES;
				GCC_WARN_ABOUT_RETURN_TYPE = YES_ERROR;
				GCC_WARN_UNDECLARED_SELECTOR = YES;
				GCC_WARN_UNINITIALIZED_AUTOS = YES_AGGRESSIVE;
				GCC_WARN_UNUSED_FUNCTION = YES;
				GCC_WARN_UNUSED_VARIABLE = YES;
				IPHONEOS_DEPLOYMENT_TARGET = 14.0;
				MTL_ENABLE_DEBUG_INFO = NO;
				MTL_FAST_MATH = YES;
				SDKROOT = iphoneos;
				SWIFT_COMPILATION_MODE = wholemodule;
				SWIFT_OPTIMIZATION_LEVEL = "-O";
				VALIDATE_PRODUCT = YES;
			};
			name = Release;
		};
		3851EE12257CDB760070625C /* Debug */ = {
			isa = XCBuildConfiguration;
			buildSettings = {
				ASSETCATALOG_COMPILER_APPICON_NAME = AppIcon;
				ASSETCATALOG_COMPILER_GLOBAL_ACCENT_COLOR_NAME = AccentColor;
				CODE_SIGN_STYLE = Automatic;
				INFOPLIST_FILE = SoundboardApp/Info.plist;
				LD_RUNPATH_SEARCH_PATHS = (
					"$(inherited)",
					"@executable_path/Frameworks",
				);
				PRODUCT_BUNDLE_IDENTIFIER = com.codewithAlish.SoundboardApp;
				PRODUCT_NAME = "$(TARGET_NAME)";
				SWIFT_VERSION = 5.0;
				TARGETED_DEVICE_FAMILY = "1,2";
			};
			name = Debug;
		};
		3851EE13257CDB760070625C /* Release */ = {
			isa = XCBuildConfiguration;
			buildSettings = {
				ASSETCATALOG_COMPILER_APPICON_NAME = AppIcon;
				ASSETCATALOG_COMPILER_GLOBAL_ACCENT_COLOR_NAME = AccentColor;
				CODE_SIGN_STYLE = Automatic;
				INFOPLIST_FILE = SoundboardApp/Info.plist;
				LD_RUNPATH_SEARCH_PATHS = (
					"$(inherited)",
					"@executable_path/Frameworks",
				);
				PRODUCT_BUNDLE_IDENTIFIER = com.codewithAlish.SoundboardApp;
				PRODUCT_NAME = "$(TARGET_NAME)";
				SWIFT_VERSION = 5.0;
				TARGETED_DEVICE_FAMILY = "1,2";
			};
			name = Release;
		};
/* End XCBuildConfiguration section */

/* Begin XCConfigurationList section */
		3851EDF8257CDB750070625C /* Build configuration list for PBXProject "SoundboardApp" */ = {
			isa = XCConfigurationList;
			buildConfigurations = (
				3851EE0F257CDB760070625C /* Debug */,
				3851EE10257CDB760070625C /* Release */,
			);
			defaultConfigurationIsVisible = 0;
			defaultConfigurationName = Release;
		};
		3851EE11257CDB760070625C /* Build configuration list for PBXNativeTarget "SoundboardApp" */ = {
			isa = XCConfigurationList;
			buildConfigurations = (
				3851EE12257CDB760070625C /* Debug */,
				3851EE13257CDB760070625C /* Release */,
			);
			defaultConfigurationIsVisible = 0;
			defaultConfigurationName = Release;
		};
/* End XCConfigurationList section */
	};
	rootObject = 3851EDF5257CDB750070625C /* Project object */;
}
